// !$*UTF8*$!
{
	archiveVersion = 1;
	classes = {
	};
	objectVersion = 48;
	objects = {

/* Begin PBXBuildFile section */
		9CC9164C1FBF82570095EB07 /* AppDelegate.swift in Sources */ = {isa = PBXBuildFile; fileRef = 9CC9164B1FBF82570095EB07 /* AppDelegate.swift */; };
		9CC9164E1FBF82570095EB07 /* MasterViewController.swift in Sources */ = {isa = PBXBuildFile; fileRef = 9CC9164D1FBF82570095EB07 /* MasterViewController.swift */; };
		9CC916501FBF82570095EB07 /* DetailViewController.swift in Sources */ = {isa = PBXBuildFile; fileRef = 9CC9164F1FBF82570095EB07 /* DetailViewController.swift */; };
		9CC916531FBF82570095EB07 /* Main.storyboard in Resources */ = {isa = PBXBuildFile; fileRef = 9CC916511FBF82570095EB07 /* Main.storyboard */; };
		9CC916551FBF82570095EB07 /* Assets.xcassets in Resources */ = {isa = PBXBuildFile; fileRef = 9CC916541FBF82570095EB07 /* Assets.xcassets */; };
		9CC916581FBF82570095EB07 /* LaunchScreen.storyboard in Resources */ = {isa = PBXBuildFile; fileRef = 9CC916561FBF82570095EB07 /* LaunchScreen.storyboard */; };
		9CC916631FBF82570095EB07 /* DoItTests.swift in Sources */ = {isa = PBXBuildFile; fileRef = 9CC916621FBF82570095EB07 /* DoItTests.swift */; };
		9CC9166E1FBF82580095EB07 /* DoItUITests.swift in Sources */ = {isa = PBXBuildFile; fileRef = 9CC9166D1FBF82580095EB07 /* DoItUITests.swift */; };
		9CC9167D1FBF85FD0095EB07 /* Todo.swift in Sources */ = {isa = PBXBuildFile; fileRef = 9CC9167C1FBF85FD0095EB07 /* Todo.swift */; };
/* End PBXBuildFile section */

/* Begin PBXContainerItemProxy section */
		9CC9165F1FBF82570095EB07 /* PBXContainerItemProxy */ = {
			isa = PBXContainerItemProxy;
			containerPortal = 9CC916401FBF82570095EB07 /* Project object */;
			proxyType = 1;
			remoteGlobalIDString = 9CC916471FBF82570095EB07;
			remoteInfo = DoIt;
		};
		9CC9166A1FBF82580095EB07 /* PBXContainerItemProxy */ = {
			isa = PBXContainerItemProxy;
			containerPortal = 9CC916401FBF82570095EB07 /* Project object */;
			proxyType = 1;
			remoteGlobalIDString = 9CC916471FBF82570095EB07;
			remoteInfo = DoIt;
		};
/* End PBXContainerItemProxy section */

/* Begin PBXFileReference section */
		9CC916481FBF82570095EB07 /* DoIt.app */ = {isa = PBXFileReference; explicitFileType = wrapper.application; includeInIndex = 0; path = DoIt.app; sourceTree = BUILT_PRODUCTS_DIR; };
		9CC9164B1FBF82570095EB07 /* AppDelegate.swift */ = {isa = PBXFileReference; lastKnownFileType = sourcecode.swift; path = AppDelegate.swift; sourceTree = "<group>"; };
		9CC9164D1FBF82570095EB07 /* MasterViewController.swift */ = {isa = PBXFileReference; lastKnownFileType = sourcecode.swift; path = MasterViewController.swift; sourceTree = "<group>"; };
		9CC9164F1FBF82570095EB07 /* DetailViewController.swift */ = {isa = PBXFileReference; lastKnownFileType = sourcecode.swift; path = DetailViewController.swift; sourceTree = "<group>"; };
		9CC916521FBF82570095EB07 /* Base */ = {isa = PBXFileReference; lastKnownFileType = file.storyboard; name = Base; path = Base.lproj/Main.storyboard; sourceTree = "<group>"; };
		9CC916541FBF82570095EB07 /* Assets.xcassets */ = {isa = PBXFileReference; lastKnownFileType = folder.assetcatalog; path = Assets.xcassets; sourceTree = "<group>"; };
		9CC916571FBF82570095EB07 /* Base */ = {isa = PBXFileReference; lastKnownFileType = file.storyboard; name = Base; path = Base.lproj/LaunchScreen.storyboard; sourceTree = "<group>"; };
		9CC916591FBF82570095EB07 /* Info.plist */ = {isa = PBXFileReference; lastKnownFileType = text.plist.xml; path = Info.plist; sourceTree = "<group>"; };
		9CC9165E1FBF82570095EB07 /* DoItTests.xctest */ = {isa = PBXFileReference; explicitFileType = wrapper.cfbundle; includeInIndex = 0; path = DoItTests.xctest; sourceTree = BUILT_PRODUCTS_DIR; };
		9CC916621FBF82570095EB07 /* DoItTests.swift */ = {isa = PBXFileReference; lastKnownFileType = sourcecode.swift; path = DoItTests.swift; sourceTree = "<group>"; };
		9CC916641FBF82580095EB07 /* Info.plist */ = {isa = PBXFileReference; lastKnownFileType = text.plist.xml; path = Info.plist; sourceTree = "<group>"; };
		9CC916691FBF82580095EB07 /* DoItUITests.xctest */ = {isa = PBXFileReference; explicitFileType = wrapper.cfbundle; includeInIndex = 0; path = DoItUITests.xctest; sourceTree = BUILT_PRODUCTS_DIR; };
		9CC9166D1FBF82580095EB07 /* DoItUITests.swift */ = {isa = PBXFileReference; lastKnownFileType = sourcecode.swift; path = DoItUITests.swift; sourceTree = "<group>"; };
		9CC9166F1FBF82580095EB07 /* Info.plist */ = {isa = PBXFileReference; lastKnownFileType = text.plist.xml; path = Info.plist; sourceTree = "<group>"; };
		9CC9167C1FBF85FD0095EB07 /* Todo.swift */ = {isa = PBXFileReference; lastKnownFileType = sourcecode.swift; path = Todo.swift; sourceTree = "<group>"; };
/* End PBXFileReference section */

/* Begin PBXFrameworksBuildPhase section */
		9CC916451FBF82570095EB07 /* Frameworks */ = {
			isa = PBXFrameworksBuildPhase;
			buildActionMask = 2147483647;
			files = (
			);
			runOnlyForDeploymentPostprocessing = 0;
		};
		9CC9165B1FBF82570095EB07 /* Frameworks */ = {
			isa = PBXFrameworksBuildPhase;
			buildActionMask = 2147483647;
			files = (
			);
			runOnlyForDeploymentPostprocessing = 0;
		};
		9CC916661FBF82580095EB07 /* Frameworks */ = {
			isa = PBXFrameworksBuildPhase;
			buildActionMask = 2147483647;
			files = (
			);
			runOnlyForDeploymentPostprocessing = 0;
		};
/* End PBXFrameworksBuildPhase section */

/* Begin PBXGroup section */
		9CC9163F1FBF82570095EB07 = {
			isa = PBXGroup;
			children = (
				9CC9164A1FBF82570095EB07 /* DoIt */,
				9CC916611FBF82570095EB07 /* DoItTests */,
				9CC9166C1FBF82580095EB07 /* DoItUITests */,
				9CC916491FBF82570095EB07 /* Products */,
			);
			sourceTree = "<group>";
		};
		9CC916491FBF82570095EB07 /* Products */ = {
			isa = PBXGroup;
			children = (
				9CC916481FBF82570095EB07 /* DoIt.app */,
				9CC9165E1FBF82570095EB07 /* DoItTests.xctest */,
				9CC916691FBF82580095EB07 /* DoItUITests.xctest */,
			);
			name = Products;
			sourceTree = "<group>";
		};
		9CC9164A1FBF82570095EB07 /* DoIt */ = {
			isa = PBXGroup;
			children = (
				9CC9167B1FBF85D20095EB07 /* ViewModels */,
				9CC9164B1FBF82570095EB07 /* AppDelegate.swift */,
				9CC9164D1FBF82570095EB07 /* MasterViewController.swift */,
				9CC9164F1FBF82570095EB07 /* DetailViewController.swift */,
				9CC916511FBF82570095EB07 /* Main.storyboard */,
				9CC916541FBF82570095EB07 /* Assets.xcassets */,
				9CC916561FBF82570095EB07 /* LaunchScreen.storyboard */,
				9CC916591FBF82570095EB07 /* Info.plist */,
			);
			path = DoIt;
			sourceTree = "<group>";
		};
		9CC916611FBF82570095EB07 /* DoItTests */ = {
			isa = PBXGroup;
			children = (
				9CC916621FBF82570095EB07 /* DoItTests.swift */,
				9CC916641FBF82580095EB07 /* Info.plist */,
			);
			path = DoItTests;
			sourceTree = "<group>";
		};
		9CC9166C1FBF82580095EB07 /* DoItUITests */ = {
			isa = PBXGroup;
			children = (
				9CC9166D1FBF82580095EB07 /* DoItUITests.swift */,
				9CC9166F1FBF82580095EB07 /* Info.plist */,
			);
			path = DoItUITests;
			sourceTree = "<group>";
		};
		9CC9167B1FBF85D20095EB07 /* ViewModels */ = {
			isa = PBXGroup;
			children = (
				9CC9167C1FBF85FD0095EB07 /* Todo.swift */,
			);
			path = ViewModels;
			sourceTree = "<group>";
		};
/* End PBXGroup section */

/* Begin PBXNativeTarget section */
		9CC916471FBF82570095EB07 /* DoIt */ = {
			isa = PBXNativeTarget;
			buildConfigurationList = 9CC916721FBF82580095EB07 /* Build configuration list for PBXNativeTarget "DoIt" */;
			buildPhases = (
				9CC916441FBF82570095EB07 /* Sources */,
				9CC916451FBF82570095EB07 /* Frameworks */,
				9CC916461FBF82570095EB07 /* Resources */,
			);
			buildRules = (
			);
			dependencies = (
			);
			name = DoIt;
			productName = DoIt;
			productReference = 9CC916481FBF82570095EB07 /* DoIt.app */;
			productType = "com.apple.product-type.application";
		};
		9CC9165D1FBF82570095EB07 /* DoItTests */ = {
			isa = PBXNativeTarget;
			buildConfigurationList = 9CC916751FBF82580095EB07 /* Build configuration list for PBXNativeTarget "DoItTests" */;
			buildPhases = (
				9CC9165A1FBF82570095EB07 /* Sources */,
				9CC9165B1FBF82570095EB07 /* Frameworks */,
				9CC9165C1FBF82570095EB07 /* Resources */,
			);
			buildRules = (
			);
			dependencies = (
				9CC916601FBF82570095EB07 /* PBXTargetDependency */,
			);
			name = DoItTests;
			productName = DoItTests;
			productReference = 9CC9165E1FBF82570095EB07 /* DoItTests.xctest */;
			productType = "com.apple.product-type.bundle.unit-test";
		};
		9CC916681FBF82580095EB07 /* DoItUITests */ = {
			isa = PBXNativeTarget;
			buildConfigurationList = 9CC916781FBF82580095EB07 /* Build configuration list for PBXNativeTarget "DoItUITests" */;
			buildPhases = (
				9CC916651FBF82580095EB07 /* Sources */,
				9CC916661FBF82580095EB07 /* Frameworks */,
				9CC916671FBF82580095EB07 /* Resources */,
			);
			buildRules = (
			);
			dependencies = (
				9CC9166B1FBF82580095EB07 /* PBXTargetDependency */,
			);
			name = DoItUITests;
			productName = DoItUITests;
			productReference = 9CC916691FBF82580095EB07 /* DoItUITests.xctest */;
			productType = "com.apple.product-type.bundle.ui-testing";
		};
/* End PBXNativeTarget section */

/* Begin PBXProject section */
		9CC916401FBF82570095EB07 /* Project object */ = {
			isa = PBXProject;
			attributes = {
				LastSwiftUpdateCheck = 0910;
				LastUpgradeCheck = 0910;
				ORGANIZATIONNAME = "Haim Levy";
				TargetAttributes = {
					9CC916471FBF82570095EB07 = {
						CreatedOnToolsVersion = 9.1;
						ProvisioningStyle = Automatic;
					};
					9CC9165D1FBF82570095EB07 = {
						CreatedOnToolsVersion = 9.1;
						ProvisioningStyle = Automatic;
						TestTargetID = 9CC916471FBF82570095EB07;
					};
					9CC916681FBF82580095EB07 = {
						CreatedOnToolsVersion = 9.1;
						ProvisioningStyle = Automatic;
						TestTargetID = 9CC916471FBF82570095EB07;
					};
				};
			};
			buildConfigurationList = 9CC916431FBF82570095EB07 /* Build configuration list for PBXProject "DoIt" */;
			compatibilityVersion = "Xcode 8.0";
			developmentRegion = en;
			hasScannedForEncodings = 0;
			knownRegions = (
				en,
				Base,
			);
			mainGroup = 9CC9163F1FBF82570095EB07;
			productRefGroup = 9CC916491FBF82570095EB07 /* Products */;
			projectDirPath = "";
			projectRoot = "";
			targets = (
				9CC916471FBF82570095EB07 /* DoIt */,
				9CC9165D1FBF82570095EB07 /* DoItTests */,
				9CC916681FBF82580095EB07 /* DoItUITests */,
			);
		};
/* End PBXProject section */

/* Begin PBXResourcesBuildPhase section */
		9CC916461FBF82570095EB07 /* Resources */ = {
			isa = PBXResourcesBuildPhase;
			buildActionMask = 2147483647;
			files = (
				9CC916581FBF82570095EB07 /* LaunchScreen.storyboard in Resources */,
				9CC916551FBF82570095EB07 /* Assets.xcassets in Resources */,
				9CC916531FBF82570095EB07 /* Main.storyboard in Resources */,
			);
			runOnlyForDeploymentPostprocessing = 0;
		};
		9CC9165C1FBF82570095EB07 /* Resources */ = {
			isa = PBXResourcesBuildPhase;
			buildActionMask = 2147483647;
			files = (
			);
			runOnlyForDeploymentPostprocessing = 0;
		};
		9CC916671FBF82580095EB07 /* Resources */ = {
			isa = PBXResourcesBuildPhase;
			buildActionMask = 2147483647;
			files = (
			);
			runOnlyForDeploymentPostprocessing = 0;
		};
/* End PBXResourcesBuildPhase section */

/* Begin PBXSourcesBuildPhase section */
		9CC916441FBF82570095EB07 /* Sources */ = {
			isa = PBXSourcesBuildPhase;
			buildActionMask = 2147483647;
			files = (
				9CC916501FBF82570095EB07 /* DetailViewController.swift in Sources */,
				9CC9164E1FBF82570095EB07 /* MasterViewController.swift in Sources */,
				9CC9164C1FBF82570095EB07 /* AppDelegate.swift in Sources */,
				9CC9167D1FBF85FD0095EB07 /* Todo.swift in Sources */,
			);
			runOnlyForDeploymentPostprocessing = 0;
		};
		9CC9165A1FBF82570095EB07 /* Sources */ = {
			isa = PBXSourcesBuildPhase;
			buildActionMask = 2147483647;
			files = (
				9CC916631FBF82570095EB07 /* DoItTests.swift in Sources */,
			);
			runOnlyForDeploymentPostprocessing = 0;
		};
		9CC916651FBF82580095EB07 /* Sources */ = {
			isa = PBXSourcesBuildPhase;
			buildActionMask = 2147483647;
			files = (
				9CC9166E1FBF82580095EB07 /* DoItUITests.swift in Sources */,
			);
			runOnlyForDeploymentPostprocessing = 0;
		};
/* End PBXSourcesBuildPhase section */

/* Begin PBXTargetDependency section */
		9CC916601FBF82570095EB07 /* PBXTargetDependency */ = {
			isa = PBXTargetDependency;
			target = 9CC916471FBF82570095EB07 /* DoIt */;
			targetProxy = 9CC9165F1FBF82570095EB07 /* PBXContainerItemProxy */;
		};
		9CC9166B1FBF82580095EB07 /* PBXTargetDependency */ = {
			isa = PBXTargetDependency;
			target = 9CC916471FBF82570095EB07 /* DoIt */;
			targetProxy = 9CC9166A1FBF82580095EB07 /* PBXContainerItemProxy */;
		};
/* End PBXTargetDependency section */

/* Begin PBXVariantGroup section */
		9CC916511FBF82570095EB07 /* Main.storyboard */ = {
			isa = PBXVariantGroup;
			children = (
				9CC916521FBF82570095EB07 /* Base */,
			);
			name = Main.storyboard;
			sourceTree = "<group>";
		};
		9CC916561FBF82570095EB07 /* LaunchScreen.storyboard */ = {
			isa = PBXVariantGroup;
			children = (
				9CC916571FBF82570095EB07 /* Base */,
			);
			name = LaunchScreen.storyboard;
			sourceTree = "<group>";
		};
/* End PBXVariantGroup section */

/* Begin XCBuildConfiguration section */
		9CC916701FBF82580095EB07 /* Debug */ = {
			isa = XCBuildConfiguration;
			buildSettings = {
				ALWAYS_SEARCH_USER_PATHS = NO;
				CLANG_ANALYZER_NONNULL = YES;
				CLANG_ANALYZER_NUMBER_OBJECT_CONVERSION = YES_AGGRESSIVE;
				CLANG_CXX_LANGUAGE_STANDARD = "gnu++14";
				CLANG_CXX_LIBRARY = "libc++";
				CLANG_ENABLE_MODULES = YES;
				CLANG_ENABLE_OBJC_ARC = YES;
				CLANG_WARN_BLOCK_CAPTURE_AUTORELEASING = YES;
				CLANG_WARN_BOOL_CONVERSION = YES;
				CLANG_WARN_COMMA = YES;
				CLANG_WARN_CONSTANT_CONVERSION = YES;
				CLANG_WARN_DIRECT_OBJC_ISA_USAGE = YES_ERROR;
				CLANG_WARN_DOCUMENTATION_COMMENTS = YES;
				CLANG_WARN_EMPTY_BODY = YES;
				CLANG_WARN_ENUM_CONVERSION = YES;
				CLANG_WARN_INFINITE_RECURSION = YES;
				CLANG_WARN_INT_CONVERSION = YES;
				CLANG_WARN_NON_LITERAL_NULL_CONVERSION = YES;
				CLANG_WARN_OBJC_LITERAL_CONVERSION = YES;
				CLANG_WARN_OBJC_ROOT_CLASS = YES_ERROR;
				CLANG_WARN_RANGE_LOOP_ANALYSIS = YES;
				CLANG_WARN_STRICT_PROTOTYPES = YES;
				CLANG_WARN_SUSPICIOUS_MOVE = YES;
				CLANG_WARN_UNGUARDED_AVAILABILITY = YES_AGGRESSIVE;
				CLANG_WARN_UNREACHABLE_CODE = YES;
				CLANG_WARN__DUPLICATE_METHOD_MATCH = YES;
				CODE_SIGN_IDENTITY = "iPhone Developer";
				COPY_PHASE_STRIP = NO;
				DEBUG_INFORMATION_FORMAT = dwarf;
				ENABLE_STRICT_OBJC_MSGSEND = YES;
				ENABLE_TESTABILITY = YES;
				GCC_C_LANGUAGE_STANDARD = gnu11;
				GCC_DYNAMIC_NO_PIC = NO;
				GCC_NO_COMMON_BLOCKS = YES;
				GCC_OPTIMIZATION_LEVEL = 0;
				GCC_PREPROCESSOR_DEFINITIONS = (
					"DEBUG=1",
					"$(inherited)",
				);
				GCC_WARN_64_TO_32_BIT_CONVERSION = YES;
				GCC_WARN_ABOUT_RETURN_TYPE = YES_ERROR;
				GCC_WARN_UNDECLARED_SELECTOR = YES;
				GCC_WARN_UNINITIALIZED_AUTOS = YES_AGGRESSIVE;
				GCC_WARN_UNUSED_FUNCTION = YES;
				GCC_WARN_UNUSED_VARIABLE = YES;
				IPHONEOS_DEPLOYMENT_TARGET = 11.1;
				MTL_ENABLE_DEBUG_INFO = YES;
				ONLY_ACTIVE_ARCH = YES;
				SDKROOT = iphoneos;
				SWIFT_ACTIVE_COMPILATION_CONDITIONS = DEBUG;
				SWIFT_OPTIMIZATION_LEVEL = "-Onone";
			};
			name = Debug;
		};
		9CC916711FBF82580095EB07 /* Release */ = {
			isa = XCBuildConfiguration;
			buildSettings = {
				ALWAYS_SEARCH_USER_PATHS = NO;
				CLANG_ANALYZER_NONNULL = YES;
				CLANG_ANALYZER_NUMBER_OBJECT_CONVERSION = YES_AGGRESSIVE;
				CLANG_CXX_LANGUAGE_STANDARD = "gnu++14";
				CLANG_CXX_LIBRARY = "libc++";
				CLANG_ENABLE_MODULES = YES;
				CLANG_ENABLE_OBJC_ARC = YES;
				CLANG_WARN_BLOCK_CAPTURE_AUTORELEASING = YES;
				CLANG_WARN_BOOL_CONVERSION = YES;
				CLANG_WARN_COMMA = YES;
				CLANG_WARN_CONSTANT_CONVERSION = YES;
				CLANG_WARN_DIRECT_OBJC_ISA_USAGE = YES_ERROR;
				CLANG_WARN_DOCUMENTATION_COMMENTS = YES;
				CLANG_WARN_EMPTY_BODY = YES;
				CLANG_WARN_ENUM_CONVERSION = YES;
				CLANG_WARN_INFINITE_RECURSION = YES;
				CLANG_WARN_INT_CONVERSION = YES;
				CLANG_WARN_NON_LITERAL_NULL_CONVERSION = YES;
				CLANG_WARN_OBJC_LITERAL_CONVERSION = YES;
				CLANG_WARN_OBJC_ROOT_CLASS = YES_ERROR;
				CLANG_WARN_RANGE_LOOP_ANALYSIS = YES;
				CLANG_WARN_STRICT_PROTOTYPES = YES;
				CLANG_WARN_SUSPICIOUS_MOVE = YES;
				CLANG_WARN_UNGUARDED_AVAILABILITY = YES_AGGRESSIVE;
				CLANG_WARN_UNREACHABLE_CODE = YES;
				CLANG_WARN__DUPLICATE_METHOD_MATCH = YES;
				CODE_SIGN_IDENTITY = "iPhone Developer";
				COPY_PHASE_STRIP = NO;
				DEBUG_INFORMATION_FORMAT = "dwarf-with-dsym";
				ENABLE_NS_ASSERTIONS = NO;
				ENABLE_STRICT_OBJC_MSGSEND = YES;
				GCC_C_LANGUAGE_STANDARD = gnu11;
				GCC_NO_COMMON_BLOCKS = YES;
				GCC_WARN_64_TO_32_BIT_CONVERSION = YES;
				GCC_WARN_ABOUT_RETURN_TYPE = YES_ERROR;
				GCC_WARN_UNDECLARED_SELECTOR = YES;
				GCC_WARN_UNINITIALIZED_AUTOS = YES_AGGRESSIVE;
				GCC_WARN_UNUSED_FUNCTION = YES;
				GCC_WARN_UNUSED_VARIABLE = YES;
				IPHONEOS_DEPLOYMENT_TARGET = 11.1;
				MTL_ENABLE_DEBUG_INFO = NO;
				SDKROOT = iphoneos;
				SWIFT_OPTIMIZATION_LEVEL = "-Owholemodule";
				VALIDATE_PRODUCT = YES;
			};
			name = Release;
		};
		9CC916731FBF82580095EB07 /* Debug */ = {
			isa = XCBuildConfiguration;
			buildSettings = {
				ASSETCATALOG_COMPILER_APPICON_NAME = AppIcon;
				CODE_SIGN_STYLE = Automatic;
				INFOPLIST_FILE = DoIt/Info.plist;
				LD_RUNPATH_SEARCH_PATHS = "$(inherited) @executable_path/Frameworks";
				PRODUCT_BUNDLE_IDENTIFIER = "-99.DoIt";
				PRODUCT_NAME = "$(TARGET_NAME)";
				SWIFT_VERSION = 4.0;
				TARGETED_DEVICE_FAMILY = "1,2";
			};
			name = Debug;
		};
		9CC916741FBF82580095EB07 /* Release */ = {
			isa = XCBuildConfiguration;
			buildSettings = {
				ASSETCATALOG_COMPILER_APPICON_NAME = AppIcon;
				CODE_SIGN_STYLE = Automatic;
				INFOPLIST_FILE = DoIt/Info.plist;
				LD_RUNPATH_SEARCH_PATHS = "$(inherited) @executable_path/Frameworks";
				PRODUCT_BUNDLE_IDENTIFIER = "-99.DoIt";
				PRODUCT_NAME = "$(TARGET_NAME)";
				SWIFT_VERSION = 4.0;
				TARGETED_DEVICE_FAMILY = "1,2";
			};
			name = Release;
		};
		9CC916761FBF82580095EB07 /* Debug */ = {
			isa = XCBuildConfiguration;
			buildSettings = {
				ALWAYS_EMBED_SWIFT_STANDARD_LIBRARIES = YES;
				BUNDLE_LOADER = "$(TEST_HOST)";
				CODE_SIGN_STYLE = Automatic;
				INFOPLIST_FILE = DoItTests/Info.plist;
				LD_RUNPATH_SEARCH_PATHS = "$(inherited) @executable_path/Frameworks @loader_path/Frameworks";
				PRODUCT_BUNDLE_IDENTIFIER = "-99.DoItTests";
				PRODUCT_NAME = "$(TARGET_NAME)";
				SWIFT_VERSION = 4.0;
				TARGETED_DEVICE_FAMILY = "1,2";
				TEST_HOST = "$(BUILT_PRODUCTS_DIR)/DoIt.app/DoIt";
			};
			name = Debug;
		};
		9CC916771FBF82580095EB07 /* Release */ = {
			isa = XCBuildConfiguration;
			buildSettings = {
				ALWAYS_EMBED_SWIFT_STANDARD_LIBRARIES = YES;
				BUNDLE_LOADER = "$(TEST_HOST)";
				CODE_SIGN_STYLE = Automatic;
				INFOPLIST_FILE = DoItTests/Info.plist;
				LD_RUNPATH_SEARCH_PATHS = "$(inherited) @executable_path/Frameworks @loader_path/Frameworks";
				PRODUCT_BUNDLE_IDENTIFIER = "-99.DoItTests";
				PRODUCT_NAME = "$(TARGET_NAME)";
				SWIFT_VERSION = 4.0;
				TARGETED_DEVICE_FAMILY = "1,2";
				TEST_HOST = "$(BUILT_PRODUCTS_DIR)/DoIt.app/DoIt";
			};
			name = Release;
		};
		9CC916791FBF82580095EB07 /* Debug */ = {
			isa = XCBuildConfiguration;
			buildSettings = {
				ALWAYS_EMBED_SWIFT_STANDARD_LIBRARIES = YES;
				CODE_SIGN_STYLE = Automatic;
				INFOPLIST_FILE = DoItUITests/Info.plist;
				LD_RUNPATH_SEARCH_PATHS = "$(inherited) @executable_path/Frameworks @loader_path/Frameworks";
				PRODUCT_BUNDLE_IDENTIFIER = "-99.DoItUITests";
				PRODUCT_NAME = "$(TARGET_NAME)";
				SWIFT_VERSION = 4.0;
				TARGETED_DEVICE_FAMILY = "1,2";
				TEST_TARGET_NAME = DoIt;
			};
			name = Debug;
		};
		9CC9167A1FBF82580095EB07 /* Release */ = {
			isa = XCBuildConfiguration;
			buildSettings = {
				ALWAYS_EMBED_SWIFT_STANDARD_LIBRARIES = YES;
				CODE_SIGN_STYLE = Automatic;
				INFOPLIST_FILE = DoItUITests/Info.plist;
				LD_RUNPATH_SEARCH_PATHS = "$(inherited) @executable_path/Frameworks @loader_path/Frameworks";
				PRODUCT_BUNDLE_IDENTIFIER = "-99.DoItUITests";
				PRODUCT_NAME = "$(TARGET_NAME)";
				SWIFT_VERSION = 4.0;
				TARGETED_DEVICE_FAMILY = "1,2";
				TEST_TARGET_NAME = DoIt;
			};
			name = Release;
		};
/* End XCBuildConfiguration section */

/* Begin XCConfigurationList section */
		9CC916431FBF82570095EB07 /* Build configuration list for PBXProject "DoIt" */ = {
			isa = XCConfigurationList;
			buildConfigurations = (
				9CC916701FBF82580095EB07 /* Debug */,
				9CC916711FBF82580095EB07 /* Release */,
			);
			defaultConfigurationIsVisible = 0;
			defaultConfigurationName = Release;
		};
		9CC916721FBF82580095EB07 /* Build configuration list for PBXNativeTarget "DoIt" */ = {
			isa = XCConfigurationList;
			buildConfigurations = (
				9CC916731FBF82580095EB07 /* Debug */,
				9CC916741FBF82580095EB07 /* Release */,
			);
			defaultConfigurationIsVisible = 0;
			defaultConfigurationName = Release;
		};
		9CC916751FBF82580095EB07 /* Build configuration list for PBXNativeTarget "DoItTests" */ = {
			isa = XCConfigurationList;
			buildConfigurations = (
				9CC916761FBF82580095EB07 /* Debug */,
				9CC916771FBF82580095EB07 /* Release */,
			);
			defaultConfigurationIsVisible = 0;
			defaultConfigurationName = Release;
		};
		9CC916781FBF82580095EB07 /* Build configuration list for PBXNativeTarget "DoItUITests" */ = {
			isa = XCConfigurationList;
			buildConfigurations = (
				9CC916791FBF82580095EB07 /* Debug */,
				9CC9167A1FBF82580095EB07 /* Release */,
			);
			defaultConfigurationIsVisible = 0;
			defaultConfigurationName = Release;
		};
/* End XCConfigurationList section */
	};
	rootObject = 9CC916401FBF82570095EB07 /* Project object */;
}
